
Microsoft Visual Studio Solution File, Format Version 12.00
# Visual Studio Version 16
VisualStudioVersion = 16.0.34031.81
MinimumVisualStudioVersion = 10.0.40219.1
Project("{2150E333-8FDC-42A3-9474-1A3956D46DE8}") = "Task0", "Task0", "{631C33A1-4477-4E01-ACEE-A374D1D25DB1}"
EndProject
Project("{FAE04EC0-301F-11D3-BF4B-00C04F79EFBC}") = "Tyuiu.ChepurnykhSR.Sprint1.Task0.V17", "Tyuiu.ChepurnykhSR.Sprint1.Task0.V17\Tyuiu.ChepurnykhSR.Sprint1.Task0.V17.csproj", "{F60D5E1D-6B45-4DAE-93B4-4425398B060D}"
EndProject
Project("{FAE04EC0-301F-11D3-BF4B-00C04F79EFBC}") = "Tyuiu.ChepurnykhSR.Sprint1.Task0.V17.Lib", "Tyuiu.ChepurnykhSR.Sprint1.Task0.V17.Lib\Tyuiu.ChepurnykhSR.Sprint1.Task0.V17.Lib.csproj", "{CBF1D6FD-D793-4B75-AFA9-9BBB9B4CE740}"
EndProject
Project("{FAE04EC0-301F-11D3-BF4B-00C04F79EFBC}") = "Tyuiu.ChepurnykhSR.Sprint1.Task0.V17.Test", "Tyuiu.ChepurnykhSR.Sprint1.Task0.V17.Test\Tyuiu.ChepurnykhSR.Sprint1.Task0.V17.Test.csproj", "{1EFB2C24-1D78-47C9-8D77-C8E07AEB7E4B}"
EndProject
Project("{2150E333-8FDC-42A3-9474-1A3956D46DE8}") = "Task1", "Task1", "{B07EFF78-BCD8-4876-B7D1-85CEB4DE7376}"
EndProject
Project("{FAE04EC0-301F-11D3-BF4B-00C04F79EFBC}") = "Tyuiu.ChepurnykhSR.Sprint1.Task1.V4", "Tyuiu.ChepurnykhSR.Sprint1.Task1.V4\Tyuiu.ChepurnykhSR.Sprint1.Task1.V4.csproj", "{2ABAA7DA-DA82-4C0F-922F-44F6667696AE}"
EndProject
Project("{FAE04EC0-301F-11D3-BF4B-00C04F79EFBC}") = "Tyuiu.ChepurnykhSR.Sprint1.Task1.V4.Lib", "Tyuiu.ChepurnykhSR.Sprint1.Task1.V4.Lib\Tyuiu.ChepurnykhSR.Sprint1.Task1.V4.Lib.csproj", "{CFB9F61F-4EC1-430E-BC64-C943ABFF546C}"
EndProject
Project("{FAE04EC0-301F-11D3-BF4B-00C04F79EFBC}") = "Tyuiu.ChepurnykhSR.Sprint1.Task1.V4.Test", "Tyuiu.ChepurnykhSR.Sprint1.Task1.V4.Test\Tyuiu.ChepurnykhSR.Sprint1.Task1.V4.Test.csproj", "{2F349D39-932F-40D5-AC64-C6924E098229}"
EndProject
Project("{2150E333-8FDC-42A3-9474-1A3956D46DE8}") = "Task2", "Task2", "{27A12C21-3949-4189-A8BB-09F64C70C40E}"
EndProject
Project("{FAE04EC0-301F-11D3-BF4B-00C04F79EFBC}") = "Tyuiu.ChepurnykhSR.Sprint1.Task2.V14", "Tyuiu.ChepurnykhSR.Sprint1.Task2.V14\Tyuiu.ChepurnykhSR.Sprint1.Task2.V14.csproj", "{7FFA68B8-E5D8-40D4-96B6-A712306FE537}"
EndProject
Project("{FAE04EC0-301F-11D3-BF4B-00C04F79EFBC}") = "Tyuiu.ChepurnykhSR.Sprint1.Task2.V14.Lib", "Tyuiu.ChepurnykhSR.Sprint1.Task2.V14.Lib\Tyuiu.ChepurnykhSR.Sprint1.Task2.V14.Lib.csproj", "{3C06C534-13E1-4AC8-9D2B-31084AF8D306}"
EndProject
Project("{FAE04EC0-301F-11D3-BF4B-00C04F79EFBC}") = "Tyuiu.ChepurnykhSR.Sprint1.Task2.V14.Test", "Tyuiu.ChepurnykhSR.Sprint1.Task2.V14.Test\Tyuiu.ChepurnykhSR.Sprint1.Task2.V14.Test.csproj", "{3C9946C7-ABD9-4DAE-90EE-40460C6545F1}"
EndProject
Project("{2150E333-8FDC-42A3-9474-1A3956D46DE8}") = "Task3", "Task3", "{FAD55AE9-4645-4439-8E4A-B2CF3F0CAF97}"
EndProject
Project("{FAE04EC0-301F-11D3-BF4B-00C04F79EFBC}") = "Tyuiu.ChepurnykhSR.Sprint1.Task3.V16", "Tyuiu.ChepurnykhSR.Sprint1.Task3.V16\Tyuiu.ChepurnykhSR.Sprint1.Task3.V16.csproj", "{2448886A-16EE-4637-8980-94D7159CF39B}"
EndProject
Project("{FAE04EC0-301F-11D3-BF4B-00C04F79EFBC}") = "Tyuiu.ChepurnykhSR.Sprint1.Task3.V16.Lib", "Tyuiu.ChepurnykhSR.Sprint1.Task3.V16.Lib\Tyuiu.ChepurnykhSR.Sprint1.Task3.V16.Lib.csproj", "{5FB94D89-226A-48C6-AAE8-41ED70C6BF15}"
EndProject
Project("{FAE04EC0-301F-11D3-BF4B-00C04F79EFBC}") = "Tyuiu.ChepurnykhSR.Sprint1.Task3.V16.Test", "Tyuiu.ChepurnykhSR.Sprint1.Task3.V16.Test\Tyuiu.ChepurnykhSR.Sprint1.Task3.V16.Test.csproj", "{985F163B-785E-4B4C-A0DC-3299534F5328}"
EndProject
Project("{2150E333-8FDC-42A3-9474-1A3956D46DE8}") = "Task4", "Task4", "{D8CBC5F4-27E1-4A21-9BC6-2152866F3ABB}"
EndProject
Project("{FAE04EC0-301F-11D3-BF4B-00C04F79EFBC}") = "Tyuiu.ChepurnykhSR.Sprint1.Task4.V13", "Tyuiu.ChepurnykhSR.Sprint1.Task4.V13\Tyuiu.ChepurnykhSR.Sprint1.Task4.V13.csproj", "{EA091079-2A8D-4008-890B-86A8B30142DD}"
EndProject
Project("{FAE04EC0-301F-11D3-BF4B-00C04F79EFBC}") = "Tyuiu.ChepurnykhSR.Sprint1.Task4.V13.Lib", "Tyuiu.ChepurnykhSR.Sprint1.Task4.V13.Lib\Tyuiu.ChepurnykhSR.Sprint1.Task4.V13.Lib.csproj", "{48FF5793-9122-4200-BC35-39394553BD44}"
EndProject
Project("{FAE04EC0-301F-11D3-BF4B-00C04F79EFBC}") = "Tyuiu.ChepurnykhSR.Sprint1.Task4.V13.Test", "Tyuiu.ChepurnykhSR.Sprint1.Task4.V13.Test\Tyuiu.ChepurnykhSR.Sprint1.Task4.V13.Test.csproj", "{12CE1A75-CFCA-4C4D-BBC0-9652C309BE9D}"
EndProject
Global
	GlobalSection(SolutionConfigurationPlatforms) = preSolution
		Debug|Any CPU = Debug|Any CPU
		Release|Any CPU = Release|Any CPU
	EndGlobalSection
	GlobalSection(ProjectConfigurationPlatforms) = postSolution
		{F60D5E1D-6B45-4DAE-93B4-4425398B060D}.Debug|Any CPU.ActiveCfg = Debug|Any CPU
		{F60D5E1D-6B45-4DAE-93B4-4425398B060D}.Debug|Any CPU.Build.0 = Debug|Any CPU
		{F60D5E1D-6B45-4DAE-93B4-4425398B060D}.Release|Any CPU.ActiveCfg = Release|Any CPU
		{F60D5E1D-6B45-4DAE-93B4-4425398B060D}.Release|Any CPU.Build.0 = Release|Any CPU
		{CBF1D6FD-D793-4B75-AFA9-9BBB9B4CE740}.Debug|Any CPU.ActiveCfg = Debug|Any CPU
		{CBF1D6FD-D793-4B75-AFA9-9BBB9B4CE740}.Debug|Any CPU.Build.0 = Debug|Any CPU
		{CBF1D6FD-D793-4B75-AFA9-9BBB9B4CE740}.Release|Any CPU.ActiveCfg = Release|Any CPU
		{CBF1D6FD-D793-4B75-AFA9-9BBB9B4CE740}.Release|Any CPU.Build.0 = Release|Any CPU
		{1EFB2C24-1D78-47C9-8D77-C8E07AEB7E4B}.Debug|Any CPU.ActiveCfg = Debug|Any CPU
		{1EFB2C24-1D78-47C9-8D77-C8E07AEB7E4B}.Debug|Any CPU.Build.0 = Debug|Any CPU
		{1EFB2C24-1D78-47C9-8D77-C8E07AEB7E4B}.Release|Any CPU.ActiveCfg = Release|Any CPU
		{1EFB2C24-1D78-47C9-8D77-C8E07AEB7E4B}.Release|Any CPU.Build.0 = Release|Any CPU
		{2ABAA7DA-DA82-4C0F-922F-44F6667696AE}.Debug|Any CPU.ActiveCfg = Debug|Any CPU
		{2ABAA7DA-DA82-4C0F-922F-44F6667696AE}.Debug|Any CPU.Build.0 = Debug|Any CPU
		{2ABAA7DA-DA82-4C0F-922F-44F6667696AE}.Release|Any CPU.ActiveCfg = Release|Any CPU
		{2ABAA7DA-DA82-4C0F-922F-44F6667696AE}.Release|Any CPU.Build.0 = Release|Any CPU
		{CFB9F61F-4EC1-430E-BC64-C943ABFF546C}.Debug|Any CPU.ActiveCfg = Debug|Any CPU
		{CFB9F61F-4EC1-430E-BC64-C943ABFF546C}.Debug|Any CPU.Build.0 = Debug|Any CPU
		{CFB9F61F-4EC1-430E-BC64-C943ABFF546C}.Release|Any CPU.ActiveCfg = Release|Any CPU
		{CFB9F61F-4EC1-430E-BC64-C943ABFF546C}.Release|Any CPU.Build.0 = Release|Any CPU
		{2F349D39-932F-40D5-AC64-C6924E098229}.Debug|Any CPU.ActiveCfg = Debug|Any CPU
		{2F349D39-932F-40D5-AC64-C6924E098229}.Debug|Any CPU.Build.0 = Debug|Any CPU
		{2F349D39-932F-40D5-AC64-C6924E098229}.Release|Any CPU.ActiveCfg = Release|Any CPU
		{2F349D39-932F-40D5-AC64-C6924E098229}.Release|Any CPU.Build.0 = Release|Any CPU
		{7FFA68B8-E5D8-40D4-96B6-A712306FE537}.Debug|Any CPU.ActiveCfg = Debug|Any CPU
		{7FFA68B8-E5D8-40D4-96B6-A712306FE537}.Debug|Any CPU.Build.0 = Debug|Any CPU
		{7FFA68B8-E5D8-40D4-96B6-A712306FE537}.Release|Any CPU.ActiveCfg = Release|Any CPU
		{7FFA68B8-E5D8-40D4-96B6-A712306FE537}.Release|Any CPU.Build.0 = Release|Any CPU
		{3C06C534-13E1-4AC8-9D2B-31084AF8D306}.Debug|Any CPU.ActiveCfg = Debug|Any CPU
		{3C06C534-13E1-4AC8-9D2B-31084AF8D306}.Debug|Any CPU.Build.0 = Debug|Any CPU
		{3C06C534-13E1-4AC8-9D2B-31084AF8D306}.Release|Any CPU.ActiveCfg = Release|Any CPU
		{3C06C534-13E1-4AC8-9D2B-31084AF8D306}.Release|Any CPU.Build.0 = Release|Any CPU
		{3C9946C7-ABD9-4DAE-90EE-40460C6545F1}.Debug|Any CPU.ActiveCfg = Debug|Any CPU
		{3C9946C7-ABD9-4DAE-90EE-40460C6545F1}.Debug|Any CPU.Build.0 = Debug|Any CPU
		{3C9946C7-ABD9-4DAE-90EE-40460C6545F1}.Release|Any CPU.ActiveCfg = Release|Any CPU
		{3C9946C7-ABD9-4DAE-90EE-40460C6545F1}.Release|Any CPU.Build.0 = Release|Any CPU
		{2448886A-16EE-4637-8980-94D7159CF39B}.Debug|Any CPU.ActiveCfg = Debug|Any CPU
		{2448886A-16EE-4637-8980-94D7159CF39B}.Debug|Any CPU.Build.0 = Debug|Any CPU
		{2448886A-16EE-4637-8980-94D7159CF39B}.Release|Any CPU.ActiveCfg = Release|Any CPU
		{2448886A-16EE-4637-8980-94D7159CF39B}.Release|Any CPU.Build.0 = Release|Any CPU
		{5FB94D89-226A-48C6-AAE8-41ED70C6BF15}.Debug|Any CPU.ActiveCfg = Debug|Any CPU
		{5FB94D89-226A-48C6-AAE8-41ED70C6BF15}.Debug|Any CPU.Build.0 = Debug|Any CPU
		{5FB94D89-226A-48C6-AAE8-41ED70C6BF15}.Release|Any CPU.ActiveCfg = Release|Any CPU
		{5FB94D89-226A-48C6-AAE8-41ED70C6BF15}.Release|Any CPU.Build.0 = Release|Any CPU
		{985F163B-785E-4B4C-A0DC-3299534F5328}.Debug|Any CPU.ActiveCfg = Debug|Any CPU
		{985F163B-785E-4B4C-A0DC-3299534F5328}.Debug|Any CPU.Build.0 = Debug|Any CPU
		{985F163B-785E-4B4C-A0DC-3299534F5328}.Release|Any CPU.ActiveCfg = Release|Any CPU
		{985F163B-785E-4B4C-A0DC-3299534F5328}.Release|Any CPU.Build.0 = Release|Any CPU
		{EA091079-2A8D-4008-890B-86A8B30142DD}.Debug|Any CPU.ActiveCfg = Debug|Any CPU
		{EA091079-2A8D-4008-890B-86A8B30142DD}.Debug|Any CPU.Build.0 = Debug|Any CPU
		{EA091079-2A8D-4008-890B-86A8B30142DD}.Release|Any CPU.ActiveCfg = Release|Any CPU
		{EA091079-2A8D-4008-890B-86A8B30142DD}.Release|Any CPU.Build.0 = Release|Any CPU
		{48FF5793-9122-4200-BC35-39394553BD44}.Debug|Any CPU.ActiveCfg = Debug|Any CPU
		{48FF5793-9122-4200-BC35-39394553BD44}.Debug|Any CPU.Build.0 = Debug|Any CPU
		{48FF5793-9122-4200-BC35-39394553BD44}.Release|Any CPU.ActiveCfg = Release|Any CPU
		{48FF5793-9122-4200-BC35-39394553BD44}.Release|Any CPU.Build.0 = Release|Any CPU
		{12CE1A75-CFCA-4C4D-BBC0-9652C309BE9D}.Debug|Any CPU.ActiveCfg = Debug|Any CPU
		{12CE1A75-CFCA-4C4D-BBC0-9652C309BE9D}.Debug|Any CPU.Build.0 = Debug|Any CPU
		{12CE1A75-CFCA-4C4D-BBC0-9652C309BE9D}.Release|Any CPU.ActiveCfg = Release|Any CPU
		{12CE1A75-CFCA-4C4D-BBC0-9652C309BE9D}.Release|Any CPU.Build.0 = Release|Any CPU
	EndGlobalSection
	GlobalSection(SolutionProperties) = preSolution
		HideSolutionNode = FALSE
	EndGlobalSection
	GlobalSection(NestedProjects) = preSolution
		{F60D5E1D-6B45-4DAE-93B4-4425398B060D} = {631C33A1-4477-4E01-ACEE-A374D1D25DB1}
		{CBF1D6FD-D793-4B75-AFA9-9BBB9B4CE740} = {631C33A1-4477-4E01-ACEE-A374D1D25DB1}
		{1EFB2C24-1D78-47C9-8D77-C8E07AEB7E4B} = {631C33A1-4477-4E01-ACEE-A374D1D25DB1}
		{2ABAA7DA-DA82-4C0F-922F-44F6667696AE} = {B07EFF78-BCD8-4876-B7D1-85CEB4DE7376}
		{CFB9F61F-4EC1-430E-BC64-C943ABFF546C} = {B07EFF78-BCD8-4876-B7D1-85CEB4DE7376}
		{2F349D39-932F-40D5-AC64-C6924E098229} = {B07EFF78-BCD8-4876-B7D1-85CEB4DE7376}
		{7FFA68B8-E5D8-40D4-96B6-A712306FE537} = {27A12C21-3949-4189-A8BB-09F64C70C40E}
		{3C06C534-13E1-4AC8-9D2B-31084AF8D306} = {27A12C21-3949-4189-A8BB-09F64C70C40E}
		{3C9946C7-ABD9-4DAE-90EE-40460C6545F1} = {27A12C21-3949-4189-A8BB-09F64C70C40E}
		{2448886A-16EE-4637-8980-94D7159CF39B} = {FAD55AE9-4645-4439-8E4A-B2CF3F0CAF97}
		{5FB94D89-226A-48C6-AAE8-41ED70C6BF15} = {FAD55AE9-4645-4439-8E4A-B2CF3F0CAF97}
		{985F163B-785E-4B4C-A0DC-3299534F5328} = {FAD55AE9-4645-4439-8E4A-B2CF3F0CAF97}
		{EA091079-2A8D-4008-890B-86A8B30142DD} = {D8CBC5F4-27E1-4A21-9BC6-2152866F3ABB}
		{48FF5793-9122-4200-BC35-39394553BD44} = {D8CBC5F4-27E1-4A21-9BC6-2152866F3ABB}
		{12CE1A75-CFCA-4C4D-BBC0-9652C309BE9D} = {D8CBC5F4-27E1-4A21-9BC6-2152866F3ABB}
	EndGlobalSection
	GlobalSection(ExtensibilityGlobals) = postSolution
		SolutionGuid = {D230D519-0C76-4339-A3E1-48B1427EABA5}
	EndGlobalSection
EndGlobal
